
Microsoft Visual Studio Solution File, Format Version 12.00
# Visual Studio 15
VisualStudioVersion = 15.0.28307.329
MinimumVisualStudioVersion = 10.0.40219.1
Project("{FAE04EC0-301F-11D3-BF4B-00C04F79EFBC}") = "ConsoleTest", "ConsoleTest\ConsoleTest.csproj", "{5D05FCFC-93A5-4465-8D49-BA5529E423F9}"
EndProject
Project("{2150E333-8FDC-42A3-9474-1A3956D46DE8}") = "Tests", "Tests", "{5C4E0B14-BDBF-4240-9C5D-CD1067F5A25E}"
EndProject
Project("{FAE04EC0-301F-11D3-BF4B-00C04F79EFBC}") = "WPFTest", "WPFTest\WPFTest.csproj", "{292E79D4-8887-4850-93DA-2FC7C196BFF4}"
EndProject
Global
	GlobalSection(SolutionConfigurationPlatforms) = preSolution
		Debug|Any CPU = Debug|Any CPU
		Release|Any CPU = Release|Any CPU
	EndGlobalSection
	GlobalSection(ProjectConfigurationPlatforms) = postSolution
		{5D05FCFC-93A5-4465-8D49-BA5529E423F9}.Debug|Any CPU.ActiveCfg = Debug|Any CPU
		{5D05FCFC-93A5-4465-8D49-BA5529E423F9}.Debug|Any CPU.Build.0 = Debug|Any CPU
		{5D05FCFC-93A5-4465-8D49-BA5529E423F9}.Release|Any CPU.ActiveCfg = Release|Any CPU
		{5D05FCFC-93A5-4465-8D49-BA5529E423F9}.Release|Any CPU.Build.0 = Release|Any CPU
		{292E79D4-8887-4850-93DA-2FC7C196BFF4}.Debug|Any CPU.ActiveCfg = Debug|Any CPU
		{292E79D4-8887-4850-93DA-2FC7C196BFF4}.Debug|Any CPU.Build.0 = Debug|Any CPU
		{292E79D4-8887-4850-93DA-2FC7C196BFF4}.Release|Any CPU.ActiveCfg = Release|Any CPU
		{292E79D4-8887-4850-93DA-2FC7C196BFF4}.Release|Any CPU.Build.0 = Release|Any CPU
	EndGlobalSection
	GlobalSection(SolutionProperties) = preSolution
		HideSolutionNode = FALSE
	EndGlobalSection
	GlobalSection(NestedProjects) = preSolution
		{5D05FCFC-93A5-4465-8D49-BA5529E423F9} = {5C4E0B14-BDBF-4240-9C5D-CD1067F5A25E}
		{292E79D4-8887-4850-93DA-2FC7C196BFF4} = {5C4E0B14-BDBF-4240-9C5D-CD1067F5A25E}
	EndGlobalSection
	GlobalSection(ExtensibilityGlobals) = postSolution
		SolutionGuid = {6292C47B-21D7-4091-8CA5-5627E4FC5C73}
	EndGlobalSection
EndGlobal
